
Microsoft Visual Studio Solution File, Format Version 12.00
# Visual Studio Version 16
VisualStudioVersion = 16.0.28803.352
MinimumVisualStudioVersion = 10.0.40219.1
Project("{FAE04EC0-301F-11D3-BF4B-00C04F79EFBC}") = "Spot The Difference", "Spot The Difference\Spot The Difference.csproj", "{A536B59A-B56C-4723-8E1E-ECAD141001E4}"
EndProject
Global
	GlobalSection(SolutionConfigurationPlatforms) = preSolution
		Debug|Any CPU = Debug|Any CPU
		Release|Any CPU = Release|Any CPU
	EndGlobalSection
	GlobalSection(ProjectConfigurationPlatforms) = postSolution
		{A536B59A-B56C-4723-8E1E-ECAD141001E4}.Debug|Any CPU.ActiveCfg = Debug|Any CPU
		{A536B59A-B56C-4723-8E1E-ECAD141001E4}.Debug|Any CPU.Build.0 = Debug|Any CPU
		{A536B59A-B56C-4723-8E1E-ECAD141001E4}.Release|Any CPU.ActiveCfg = Release|Any CPU
		{A536B59A-B56C-4723-8E1E-ECAD141001E4}.Release|Any CPU.Build.0 = Release|Any CPU
	EndGlobalSection
	GlobalSection(SolutionProperties) = preSolution
		HideSolutionNode = FALSE
	EndGlobalSection
	GlobalSection(ExtensibilityGlobals) = postSolution
		SolutionGuid = {31196342-0F6B-47E6-A08D-B2B625A161D6}
	EndGlobalSection
EndGlobal
